
Microsoft Visual Studio Solution File, Format Version 12.00
# Visual Studio Version 16
VisualStudioVersion = 16.0.30011.22
MinimumVisualStudioVersion = 10.0.40219.1
Project("{FAE04EC0-301F-11D3-BF4B-00C04F79EFBC}") = "Kangaroo", "Kangaroo\Kangaroo.csproj", "{2EFB96DB-CFDC-4A88-9EE5-4AE5FFF8CCD8}"
EndProject
Global
	GlobalSection(SolutionConfigurationPlatforms) = preSolution
		Debug|Any CPU = Debug|Any CPU
		Release|Any CPU = Release|Any CPU
	EndGlobalSection
	GlobalSection(ProjectConfigurationPlatforms) = postSolution
		{2EFB96DB-CFDC-4A88-9EE5-4AE5FFF8CCD8}.Debug|Any CPU.ActiveCfg = Debug|Any CPU
		{2EFB96DB-CFDC-4A88-9EE5-4AE5FFF8CCD8}.Debug|Any CPU.Build.0 = Debug|Any CPU
		{2EFB96DB-CFDC-4A88-9EE5-4AE5FFF8CCD8}.Release|Any CPU.ActiveCfg = Release|Any CPU
		{2EFB96DB-CFDC-4A88-9EE5-4AE5FFF8CCD8}.Release|Any CPU.Build.0 = Release|Any CPU
	EndGlobalSection
	GlobalSection(SolutionProperties) = preSolution
		HideSolutionNode = FALSE
	EndGlobalSection
	GlobalSection(ExtensibilityGlobals) = postSolution
		SolutionGuid = {55FC9B38-B2D2-4271-B7F6-D38A41160640}
	EndGlobalSection
EndGlobal
